
Microsoft Visual Studio Solution File, Format Version 12.00
# Visual Studio Version 17
VisualStudioVersion = 17.4.33213.308
MinimumVisualStudioVersion = 10.0.40219.1
Project("{FAE04EC0-301F-11D3-BF4B-00C04F79EFBC}") = "ConsoleApp1", "ConsoleApp1\ConsoleApp1.csproj", "{3CEC56DB-5D70-4849-82AE-26086F557EDC}"
EndProject
Global
	GlobalSection(SolutionConfigurationPlatforms) = preSolution
		Debug|Any CPU = Debug|Any CPU
		Release|Any CPU = Release|Any CPU
	EndGlobalSection
	GlobalSection(ProjectConfigurationPlatforms) = postSolution
		{3CEC56DB-5D70-4849-82AE-26086F557EDC}.Debug|Any CPU.ActiveCfg = Debug|Any CPU
		{3CEC56DB-5D70-4849-82AE-26086F557EDC}.Debug|Any CPU.Build.0 = Debug|Any CPU
		{3CEC56DB-5D70-4849-82AE-26086F557EDC}.Release|Any CPU.ActiveCfg = Release|Any CPU
		{3CEC56DB-5D70-4849-82AE-26086F557EDC}.Release|Any CPU.Build.0 = Release|Any CPU
	EndGlobalSection
	GlobalSection(SolutionProperties) = preSolution
		HideSolutionNode = FALSE
	EndGlobalSection
	GlobalSection(ExtensibilityGlobals) = postSolution
		SolutionGuid = {E73CAE16-D208-4232-8D47-B7CC8D4416F3}
	EndGlobalSection
EndGlobal
